
Microsoft Visual Studio Solution File, Format Version 12.00
# Visual Studio Version 17
VisualStudioVersion = 17.13.35825.156 d17.13
MinimumVisualStudioVersion = 10.0.40219.1
Project("{FAE04EC0-301F-11D3-BF4B-00C04F79EFBC}") = "Report4", "Report4\Report4.csproj", "{6432B568-A022-4A3F-A43E-37334D0AF492}"
EndProject
Global
	GlobalSection(SolutionConfigurationPlatforms) = preSolution
		Debug|Any CPU = Debug|Any CPU
		Release|Any CPU = Release|Any CPU
	EndGlobalSection
	GlobalSection(ProjectConfigurationPlatforms) = postSolution
		{6432B568-A022-4A3F-A43E-37334D0AF492}.Debug|Any CPU.ActiveCfg = Debug|Any CPU
		{6432B568-A022-4A3F-A43E-37334D0AF492}.Debug|Any CPU.Build.0 = Debug|Any CPU
		{6432B568-A022-4A3F-A43E-37334D0AF492}.Release|Any CPU.ActiveCfg = Release|Any CPU
		{6432B568-A022-4A3F-A43E-37334D0AF492}.Release|Any CPU.Build.0 = Release|Any CPU
	EndGlobalSection
	GlobalSection(SolutionProperties) = preSolution
		HideSolutionNode = FALSE
	EndGlobalSection
	GlobalSection(ExtensibilityGlobals) = postSolution
		SolutionGuid = {39BD36AD-E27E-41AE-9E85-8F7E7686FB8E}
	EndGlobalSection
EndGlobal
