
Microsoft Visual Studio Solution File, Format Version 12.00
# Visual Studio Version 17
VisualStudioVersion = 17.13.35825.156 d17.13
MinimumVisualStudioVersion = 10.0.40219.1
Project("{FAE04EC0-301F-11D3-BF4B-00C04F79EFBC}") = "Hello", "Hello\Hello.csproj", "{9DD2AB2A-0970-4881-B1D6-E9F0F2973CA0}"
EndProject
Global
	GlobalSection(SolutionConfigurationPlatforms) = preSolution
		Debug|Any CPU = Debug|Any CPU
		Release|Any CPU = Release|Any CPU
	EndGlobalSection
	GlobalSection(ProjectConfigurationPlatforms) = postSolution
		{9DD2AB2A-0970-4881-B1D6-E9F0F2973CA0}.Debug|Any CPU.ActiveCfg = Debug|Any CPU
		{9DD2AB2A-0970-4881-B1D6-E9F0F2973CA0}.Debug|Any CPU.Build.0 = Debug|Any CPU
		{9DD2AB2A-0970-4881-B1D6-E9F0F2973CA0}.Release|Any CPU.ActiveCfg = Release|Any CPU
		{9DD2AB2A-0970-4881-B1D6-E9F0F2973CA0}.Release|Any CPU.Build.0 = Release|Any CPU
	EndGlobalSection
	GlobalSection(SolutionProperties) = preSolution
		HideSolutionNode = FALSE
	EndGlobalSection
	GlobalSection(ExtensibilityGlobals) = postSolution
		SolutionGuid = {5A47D988-4F9B-44C5-8F32-EC9DF1C3DE16}
	EndGlobalSection
EndGlobal
